
Microsoft Visual Studio Solution File, Format Version 12.00
# Visual Studio Version 17
VisualStudioVersion = 17.10.35013.160
MinimumVisualStudioVersion = 10.0.40219.1
Project("{FAE04EC0-301F-11D3-BF4B-00C04F79EFBC}") = "TicketSystem", "TicketSystem.csproj", "{01BFA04C-F869-4130-AC11-8F4C198B477B}"
EndProject
Global
	GlobalSection(SolutionConfigurationPlatforms) = preSolution
		Debug|Any CPU = Debug|Any CPU
		Release|Any CPU = Release|Any CPU
	EndGlobalSection
	GlobalSection(ProjectConfigurationPlatforms) = postSolution
		{01BFA04C-F869-4130-AC11-8F4C198B477B}.Debug|Any CPU.ActiveCfg = Debug|Any CPU
		{01BFA04C-F869-4130-AC11-8F4C198B477B}.Debug|Any CPU.Build.0 = Debug|Any CPU
		{01BFA04C-F869-4130-AC11-8F4C198B477B}.Release|Any CPU.ActiveCfg = Release|Any CPU
		{01BFA04C-F869-4130-AC11-8F4C198B477B}.Release|Any CPU.Build.0 = Release|Any CPU
	EndGlobalSection
	GlobalSection(SolutionProperties) = preSolution
		HideSolutionNode = FALSE
	EndGlobalSection
	GlobalSection(ExtensibilityGlobals) = postSolution
		SolutionGuid = {FC3B3768-7EC5-4783-AA8D-7F09504B6E73}
	EndGlobalSection
EndGlobal
