
Microsoft Visual Studio Solution File, Format Version 12.00
# Visual Studio Version 17
VisualStudioVersion = 17.10.35122.118
MinimumVisualStudioVersion = 10.0.40219.1
Project("{FAE04EC0-301F-11D3-BF4B-00C04F79EFBC}") = "ticketSystem", "ticketSystem.csproj", "{5FB6BF3B-F278-49C0-8439-61AC9051AB8D}"
EndProject
Global
	GlobalSection(SolutionConfigurationPlatforms) = preSolution
		Debug|Any CPU = Debug|Any CPU
		Release|Any CPU = Release|Any CPU
	EndGlobalSection
	GlobalSection(ProjectConfigurationPlatforms) = postSolution
		{5FB6BF3B-F278-49C0-8439-61AC9051AB8D}.Debug|Any CPU.ActiveCfg = Debug|Any CPU
		{5FB6BF3B-F278-49C0-8439-61AC9051AB8D}.Debug|Any CPU.Build.0 = Debug|Any CPU
		{5FB6BF3B-F278-49C0-8439-61AC9051AB8D}.Release|Any CPU.ActiveCfg = Release|Any CPU
		{5FB6BF3B-F278-49C0-8439-61AC9051AB8D}.Release|Any CPU.Build.0 = Release|Any CPU
	EndGlobalSection
	GlobalSection(SolutionProperties) = preSolution
		HideSolutionNode = FALSE
	EndGlobalSection
	GlobalSection(ExtensibilityGlobals) = postSolution
		SolutionGuid = {E64325D7-2874-45C7-9EC8-A78F08AEEE43}
	EndGlobalSection
EndGlobal
